
Microsoft Visual Studio Solution File, Format Version 12.00
# Visual Studio 15
VisualStudioVersion = 15.0.27004.2006
MinimumVisualStudioVersion = 10.0.40219.1
Project("{FAE04EC0-301F-11D3-BF4B-00C04F79EFBC}") = "Absa.Mvc", "Absa.Mvc\Absa.Mvc.csproj", "{906831D1-F034-40D0-944C-B85B298B617B}"
EndProject
Project("{FAE04EC0-301F-11D3-BF4B-00C04F79EFBC}") = "Absa.Mvc.Tests", "Absa.Mvc.Tests\Absa.Mvc.Tests.csproj", "{2B882BBF-2792-4F8C-B192-B9F327F988FA}"
EndProject
Global
	GlobalSection(SolutionConfigurationPlatforms) = preSolution
		Debug|Any CPU = Debug|Any CPU
		Release|Any CPU = Release|Any CPU
	EndGlobalSection
	GlobalSection(ProjectConfigurationPlatforms) = postSolution
		{906831D1-F034-40D0-944C-B85B298B617B}.Debug|Any CPU.ActiveCfg = Debug|Any CPU
		{906831D1-F034-40D0-944C-B85B298B617B}.Debug|Any CPU.Build.0 = Debug|Any CPU
		{906831D1-F034-40D0-944C-B85B298B617B}.Release|Any CPU.ActiveCfg = Release|Any CPU
		{906831D1-F034-40D0-944C-B85B298B617B}.Release|Any CPU.Build.0 = Release|Any CPU
		{2B882BBF-2792-4F8C-B192-B9F327F988FA}.Debug|Any CPU.ActiveCfg = Debug|Any CPU
		{2B882BBF-2792-4F8C-B192-B9F327F988FA}.Debug|Any CPU.Build.0 = Debug|Any CPU
		{2B882BBF-2792-4F8C-B192-B9F327F988FA}.Release|Any CPU.ActiveCfg = Release|Any CPU
		{2B882BBF-2792-4F8C-B192-B9F327F988FA}.Release|Any CPU.Build.0 = Release|Any CPU
	EndGlobalSection
	GlobalSection(SolutionProperties) = preSolution
		HideSolutionNode = FALSE
	EndGlobalSection
	GlobalSection(ExtensibilityGlobals) = postSolution
		SolutionGuid = {D7463703-D3F8-4EB1-BAFD-5059AF3767D0}
	EndGlobalSection
EndGlobal
